{
  "originHash" : "b598d6c7633c88c663aaea00357c3c0890e5180d87c2d62ee70d55ed28eaa3d4",
  "pins" : [
    {
      "identity" : "partiti-ui",
      "kind" : "remoteSourceControl",
      "location" : "https://github.com/gabry-ts/partiti-ui",
      "state" : {
        "revision" : "942866162c606c2ddb8a51f88d57755d2de368ff",
        "version" : "0.2.0"
      }
    },
    {
      "identity" : "sparkle",
      "kind" : "remoteSourceControl",
      "location" : "https://github.com/sparkle-project/Sparkle",
      "state" : {
        "revision" : "eef1a539a373c1f1a320624b1130fc5de7b2e100",
        "version" : "2.10.0"
      }
    }
  ],
  "version" : 3
}
